
Microsoft Visual Studio Solution File, Format Version 12.00
# Visual Studio Version 17
VisualStudioVersion = 17.9.34701.34
MinimumVisualStudioVersion = 10.0.40219.1
Project("{FAE04EC0-301F-11D3-BF4B-00C04F79EFBC}") = "RsaCypher", "RsaCypher\RsaCypher.csproj", "{EBCEB9C5-AF86-4B4A-A1F5-CDF97BABED13}"
EndProject
Global
	GlobalSection(SolutionConfigurationPlatforms) = preSolution
		Debug|Any CPU = Debug|Any CPU
		Release|Any CPU = Release|Any CPU
	EndGlobalSection
	GlobalSection(ProjectConfigurationPlatforms) = postSolution
		{EBCEB9C5-AF86-4B4A-A1F5-CDF97BABED13}.Debug|Any CPU.ActiveCfg = Debug|Any CPU
		{EBCEB9C5-AF86-4B4A-A1F5-CDF97BABED13}.Debug|Any CPU.Build.0 = Debug|Any CPU
		{EBCEB9C5-AF86-4B4A-A1F5-CDF97BABED13}.Release|Any CPU.ActiveCfg = Release|Any CPU
		{EBCEB9C5-AF86-4B4A-A1F5-CDF97BABED13}.Release|Any CPU.Build.0 = Release|Any CPU
	EndGlobalSection
	GlobalSection(SolutionProperties) = preSolution
		HideSolutionNode = FALSE
	EndGlobalSection
	GlobalSection(ExtensibilityGlobals) = postSolution
		SolutionGuid = {94D42028-EB9A-435B-94CF-FB0A075F473A}
	EndGlobalSection
EndGlobal
